
Microsoft Visual Studio Solution File, Format Version 12.00
# Visual Studio 15
VisualStudioVersion = 15.0.26430.4
MinimumVisualStudioVersion = 10.0.40219.1
Project("{FAE04EC0-301F-11D3-BF4B-00C04F79EFBC}") = "Filer.Core", "Filer.Core\Filer.Core.csproj", "{2765EA37-69D2-4DB6-89D1-DBF9A3B3CBAE}"
EndProject
Project("{FAE04EC0-301F-11D3-BF4B-00C04F79EFBC}") = "Filer.EntityFrameworkCore", "Filer.EntityFrameworkCore\Filer.EntityFrameworkCore.csproj", "{87645483-68F2-4E15-B399-A60A8E447768}"
EndProject
Project("{2150E333-8FDC-42A3-9474-1A3956D46DE8}") = "Solution Items", "Solution Items", "{D33BCAB8-4B00-473D-A6B3-66876BD340BB}"
	ProjectSection(SolutionItems) = preProject
		.gitattributes = .gitattributes
		.gitignore = .gitignore
		Filer.sln.DotSettings = Filer.sln.DotSettings
		LICENSE = LICENSE
		README.md = README.md
	EndProjectSection
EndProject
Global
	GlobalSection(SolutionConfigurationPlatforms) = preSolution
		Debug|Any CPU = Debug|Any CPU
		Release|Any CPU = Release|Any CPU
	EndGlobalSection
	GlobalSection(ProjectConfigurationPlatforms) = postSolution
		{2765EA37-69D2-4DB6-89D1-DBF9A3B3CBAE}.Debug|Any CPU.ActiveCfg = Debug|Any CPU
		{2765EA37-69D2-4DB6-89D1-DBF9A3B3CBAE}.Debug|Any CPU.Build.0 = Debug|Any CPU
		{2765EA37-69D2-4DB6-89D1-DBF9A3B3CBAE}.Release|Any CPU.ActiveCfg = Release|Any CPU
		{2765EA37-69D2-4DB6-89D1-DBF9A3B3CBAE}.Release|Any CPU.Build.0 = Release|Any CPU
		{87645483-68F2-4E15-B399-A60A8E447768}.Debug|Any CPU.ActiveCfg = Debug|Any CPU
		{87645483-68F2-4E15-B399-A60A8E447768}.Debug|Any CPU.Build.0 = Debug|Any CPU
		{87645483-68F2-4E15-B399-A60A8E447768}.Release|Any CPU.ActiveCfg = Release|Any CPU
		{87645483-68F2-4E15-B399-A60A8E447768}.Release|Any CPU.Build.0 = Release|Any CPU
	EndGlobalSection
	GlobalSection(SolutionProperties) = preSolution
		HideSolutionNode = FALSE
	EndGlobalSection
EndGlobal
